# This file was autogenerated by Stack.
# You should not edit this file by hand.
# For more information, please see the documentation at:
#   https://docs.haskellstack.org/en/stable/lock_files

packages:
- completed:
    hackage: hgeometry-0.11.0.0@sha256:09ead201a6ac3492c0be8dda5a6b32792b9ae87cab730b8362d46ee8d5c2acb4,11714
    pantry-tree:
      size: 10298
      sha256: b5665fbc036aa985218b44d8036dd0cfde388d26a236dc51acf6bf266f98609c
  original:
    hackage: hgeometry-0.11.0.0@sha256:09ead201a6ac3492c0be8dda5a6b32792b9ae87cab730b8362d46ee8d5c2acb4,11714
- completed:
    hackage: hgeometry-combinatorial-0.11.0.0@sha256:03176f235a1c49a415fe1266274dafca84deb917cbcbf9a654452686b4cd2bfe,8286
    pantry-tree:
      size: 3959
      sha256: 917d3000636f5f5b5b693084228def875d3c5f89e592b4d38ef8f9051c1f7fbc
  original:
    hackage: hgeometry-combinatorial-0.11.0.0@sha256:03176f235a1c49a415fe1266274dafca84deb917cbcbf9a654452686b4cd2bfe,8286
- completed:
    hackage: reanimate-1.0.0.0@sha256:73d25c592d8b544767bce289fedbf11c9fe3f9bf53d37799064c363ebb2e7f49,5989
    pantry-tree:
      size: 30075
      sha256: 21a7d0e088d52f3e4c293784ab0babc7ee68891bd7713b4ccaac6fc3f7f79eb6
  original:
    hackage: reanimate-1.0.0.0@sha256:73d25c592d8b544767bce289fedbf11c9fe3f9bf53d37799064c363ebb2e7f49,5989
- completed:
    hackage: reanimate-svg-0.11.0.0@sha256:17b1a884a4428854608dd64c0d1e15d1aca05c8bd84781e360a6793b58461dd0,2322
    pantry-tree:
      size: 1476
      sha256: 9a54665ab638d47e6ed5a72ca43906b2a1282fcf87a2e8b5ffc4470bbb82ab4f
  original:
    hackage: reanimate-svg-0.11.0.0@sha256:17b1a884a4428854608dd64c0d1e15d1aca05c8bd84781e360a6793b58461dd0,2322
- completed:
    hackage: vinyl-0.13.0@sha256:0f247cd3f8682b30881a07de18e6fec52d540646fbcb328420049cc8d63cd407,3724
    pantry-tree:
      size: 1857
      sha256: 860fb95820b595161cdbdec5f376100ebae2d14e5ef0dbe311546202f7525d01
  original:
    hackage: vinyl-0.13.0@sha256:0f247cd3f8682b30881a07de18e6fec52d540646fbcb328420049cc8d63cd407,3724
snapshots:
- completed:
    size: 532380
    url: https://raw.githubusercontent.com/commercialhaskell/stackage-snapshots/master/lts/16/16.yaml
    sha256: d6b004b095fe2a0b8b14fbc30014ee97e58843b9c9362ddb9244273dda62649e
  original: lts-16.16
