# This file was autogenerated by Stack.
# You should not edit this file by hand.
# For more information, please see the documentation at:
#   https://docs.haskellstack.org/en/stable/lock_files

packages:
- completed:
    name: reanimate
    version: 1.1.3.2
    git: https://github.com/reanimate/reanimate.git
    pantry-tree:
      size: 43038
      sha256: 3630b902082de8504c75ca5e5dd9d8a820e436bba2adbb48b778b877c9e7b092
    commit: f4878053b1433487d6a2aeebfebd8e171732a155
  original:
    git: https://github.com/reanimate/reanimate.git
    commit: f4878053b1433487d6a2aeebfebd8e171732a155
snapshots:
- completed:
    size: 563099
    url: https://raw.githubusercontent.com/commercialhaskell/stackage-snapshots/master/lts/17/2.yaml
    sha256: 92b1a17e31d0a978fca4bf270305d4d1dd8092271bf60eafbc9349c890854026
  original: lts-17.2
